
Microsoft Visual Studio Solution File, Format Version 12.00
# Visual Studio Version 17
VisualStudioVersion = 17.5.2.0
MinimumVisualStudioVersion = 10.0.40219.1
Project("{FAE04EC0-301F-11D3-BF4B-00C04F79EFBC}") = "松下变量转HMI", "松下变量转HMI.csproj", "{2184E976-65EE-CD63-7862-76A892B12D41}"
EndProject
Global
	GlobalSection(SolutionConfigurationPlatforms) = preSolution
		Debug|Any CPU = Debug|Any CPU
		Release|Any CPU = Release|Any CPU
	EndGlobalSection
	GlobalSection(ProjectConfigurationPlatforms) = postSolution
		{2184E976-65EE-CD63-7862-76A892B12D41}.Debug|Any CPU.ActiveCfg = Debug|Any CPU
		{2184E976-65EE-CD63-7862-76A892B12D41}.Debug|Any CPU.Build.0 = Debug|Any CPU
		{2184E976-65EE-CD63-7862-76A892B12D41}.Release|Any CPU.ActiveCfg = Release|Any CPU
		{2184E976-65EE-CD63-7862-76A892B12D41}.Release|Any CPU.Build.0 = Release|Any CPU
	EndGlobalSection
	GlobalSection(SolutionProperties) = preSolution
		HideSolutionNode = FALSE
	EndGlobalSection
	GlobalSection(ExtensibilityGlobals) = postSolution
		SolutionGuid = {F446EE0D-D76B-4F6B-B41F-E679959A144E}
	EndGlobalSection
EndGlobal
